// !$*UTF8*$!
{
	archiveVersion = 1;
	classes = {
	};
	objectVersion = 60;
	objects = {

/* Begin PBXBuildFile section */
		077E052C2C63FCB300B9D2D4 /* StoriesApp.swift in Sources */ = {isa = PBXBuildFile; fileRef = 077E052B2C63FCB300B9D2D4 /* StoriesApp.swift */; };
		077E052E2C63FCB300B9D2D4 /* ContentView.swift in Sources */ = {isa = PBXBuildFile; fileRef = 077E052D2C63FCB300B9D2D4 /* ContentView.swift */; };
		077E05302C63FCB400B9D2D4 /* Assets.xcassets in Resources */ = {isa = PBXBuildFile; fileRef = 077E052F2C63FCB400B9D2D4 /* Assets.xcassets */; };
		077E05332C63FCB400B9D2D4 /* Preview Assets.xcassets in Resources */ = {isa = PBXBuildFile; fileRef = 077E05322C63FCB400B9D2D4 /* Preview Assets.xcassets */; };
		077E053A2C63FE4000B9D2D4 /* GoogleService-Info.plist in Resources */ = {isa = PBXBuildFile; fileRef = 077E05392C63FE4000B9D2D4 /* GoogleService-Info.plist */; };
		077E053D2C63FEB000B9D2D4 /* FirebaseAnalytics in Frameworks */ = {isa = PBXBuildFile; productRef = 077E053C2C63FEB000B9D2D4 /* FirebaseAnalytics */; };
		077E05432C63FEB000B9D2D4 /* FirebaseAuth in Frameworks */ = {isa = PBXBuildFile; productRef = 077E05422C63FEB000B9D2D4 /* FirebaseAuth */; };
		077E05472C63FEB000B9D2D4 /* FirebaseDatabase in Frameworks */ = {isa = PBXBuildFile; productRef = 077E05462C63FEB000B9D2D4 /* FirebaseDatabase */; };
		077E05492C63FEB000B9D2D4 /* FirebaseFirestore in Frameworks */ = {isa = PBXBuildFile; productRef = 077E05482C63FEB000B9D2D4 /* FirebaseFirestore */; };
		077E054D2C63FEB000B9D2D4 /* FirebaseStorage in Frameworks */ = {isa = PBXBuildFile; productRef = 077E054C2C63FEB000B9D2D4 /* FirebaseStorage */; };
		077E05A92C694F4500B9D2D4 /* AuthenticationView.swift in Sources */ = {isa = PBXBuildFile; fileRef = 077E05A82C694F4500B9D2D4 /* AuthenticationView.swift */; };
		077E05AB2C6950C600B9D2D4 /* SignInWithEmailView.swift in Sources */ = {isa = PBXBuildFile; fileRef = 077E05AA2C6950C600B9D2D4 /* SignInWithEmailView.swift */; };
		077E05AD2C6951AA00B9D2D4 /* AuthenticationManager.swift in Sources */ = {isa = PBXBuildFile; fileRef = 077E05AC2C6951AA00B9D2D4 /* AuthenticationManager.swift */; };
/* End PBXBuildFile section */

/* Begin PBXFileReference section */
		077E05282C63FCB300B9D2D4 /* Stories.app */ = {isa = PBXFileReference; explicitFileType = wrapper.application; includeInIndex = 0; path = Stories.app; sourceTree = BUILT_PRODUCTS_DIR; };
		077E052B2C63FCB300B9D2D4 /* StoriesApp.swift */ = {isa = PBXFileReference; lastKnownFileType = sourcecode.swift; path = StoriesApp.swift; sourceTree = "<group>"; };
		077E052D2C63FCB300B9D2D4 /* ContentView.swift */ = {isa = PBXFileReference; lastKnownFileType = sourcecode.swift; path = ContentView.swift; sourceTree = "<group>"; };
		077E052F2C63FCB400B9D2D4 /* Assets.xcassets */ = {isa = PBXFileReference; lastKnownFileType = folder.assetcatalog; path = Assets.xcassets; sourceTree = "<group>"; };
		077E05322C63FCB400B9D2D4 /* Preview Assets.xcassets */ = {isa = PBXFileReference; lastKnownFileType = folder.assetcatalog; path = "Preview Assets.xcassets"; sourceTree = "<group>"; };
		077E05392C63FE4000B9D2D4 /* GoogleService-Info.plist */ = {isa = PBXFileReference; lastKnownFileType = text.plist.xml; path = "GoogleService-Info.plist"; sourceTree = "<group>"; };
		077E05552C6401A000B9D2D4 /* Info.plist */ = {isa = PBXFileReference; lastKnownFileType = text.plist; path = Info.plist; sourceTree = "<group>"; };
		077E05A82C694F4500B9D2D4 /* AuthenticationView.swift */ = {isa = PBXFileReference; lastKnownFileType = sourcecode.swift; path = AuthenticationView.swift; sourceTree = "<group>"; };
		077E05AA2C6950C600B9D2D4 /* SignInWithEmailView.swift */ = {isa = PBXFileReference; lastKnownFileType = sourcecode.swift; path = SignInWithEmailView.swift; sourceTree = "<group>"; };
		077E05AC2C6951AA00B9D2D4 /* AuthenticationManager.swift */ = {isa = PBXFileReference; lastKnownFileType = sourcecode.swift; path = AuthenticationManager.swift; sourceTree = "<group>"; };
/* End PBXFileReference section */

/* Begin PBXFrameworksBuildPhase section */
		077E05252C63FCB300B9D2D4 /* Frameworks */ = {
			isa = PBXFrameworksBuildPhase;
			buildActionMask = 2147483647;
			files = (
				077E05472C63FEB000B9D2D4 /* FirebaseDatabase in Frameworks */,
				077E054D2C63FEB000B9D2D4 /* FirebaseStorage in Frameworks */,
				077E053D2C63FEB000B9D2D4 /* FirebaseAnalytics in Frameworks */,
				077E05432C63FEB000B9D2D4 /* FirebaseAuth in Frameworks */,
				077E05492C63FEB000B9D2D4 /* FirebaseFirestore in Frameworks */,
			);
			runOnlyForDeploymentPostprocessing = 0;
		};
/* End PBXFrameworksBuildPhase section */

/* Begin PBXGroup section */
		077E051F2C63FCB300B9D2D4 = {
			isa = PBXGroup;
			children = (
				077E052A2C63FCB300B9D2D4 /* Stories */,
				077E05292C63FCB300B9D2D4 /* Products */,
			);
			sourceTree = "<group>";
		};
		077E05292C63FCB300B9D2D4 /* Products */ = {
			isa = PBXGroup;
			children = (
				077E05282C63FCB300B9D2D4 /* Stories.app */,
			);
			name = Products;
			sourceTree = "<group>";
		};
		077E052A2C63FCB300B9D2D4 /* Stories */ = {
			isa = PBXGroup;
			children = (
				077E05552C6401A000B9D2D4 /* Info.plist */,
				077E052B2C63FCB300B9D2D4 /* StoriesApp.swift */,
				077E05A52C694F1900B9D2D4 /* Authentication */,
				077E052D2C63FCB300B9D2D4 /* ContentView.swift */,
				077E05392C63FE4000B9D2D4 /* GoogleService-Info.plist */,
				077E052F2C63FCB400B9D2D4 /* Assets.xcassets */,
				077E05312C63FCB400B9D2D4 /* Preview Content */,
			);
			path = Stories;
			sourceTree = "<group>";
		};
		077E05312C63FCB400B9D2D4 /* Preview Content */ = {
			isa = PBXGroup;
			children = (
				077E05322C63FCB400B9D2D4 /* Preview Assets.xcassets */,
			);
			path = "Preview Content";
			sourceTree = "<group>";
		};
		077E05A52C694F1900B9D2D4 /* Authentication */ = {
			isa = PBXGroup;
			children = (
				077E05A82C694F4500B9D2D4 /* AuthenticationView.swift */,
				077E05AC2C6951AA00B9D2D4 /* AuthenticationManager.swift */,
				077E05AA2C6950C600B9D2D4 /* SignInWithEmailView.swift */,
			);
			path = Authentication;
			sourceTree = "<group>";
		};
/* End PBXGroup section */

/* Begin PBXNativeTarget section */
		077E05272C63FCB300B9D2D4 /* Stories */ = {
			isa = PBXNativeTarget;
			buildConfigurationList = 077E05362C63FCB400B9D2D4 /* Build configuration list for PBXNativeTarget "Stories" */;
			buildPhases = (
				077E05242C63FCB300B9D2D4 /* Sources */,
				077E05252C63FCB300B9D2D4 /* Frameworks */,
				077E05262C63FCB300B9D2D4 /* Resources */,
			);
			buildRules = (
			);
			dependencies = (
			);
			name = Stories;
			packageProductDependencies = (
				077E053C2C63FEB000B9D2D4 /* FirebaseAnalytics */,
				077E05422C63FEB000B9D2D4 /* FirebaseAuth */,
				077E05462C63FEB000B9D2D4 /* FirebaseDatabase */,
				077E05482C63FEB000B9D2D4 /* FirebaseFirestore */,
				077E054C2C63FEB000B9D2D4 /* FirebaseStorage */,
			);
			productName = Stories;
			productReference = 077E05282C63FCB300B9D2D4 /* Stories.app */;
			productType = "com.apple.product-type.application";
		};
/* End PBXNativeTarget section */

/* Begin PBXProject section */
		077E05202C63FCB300B9D2D4 /* Project object */ = {
			isa = PBXProject;
			attributes = {
				BuildIndependentTargetsInParallel = 1;
				LastSwiftUpdateCheck = 1600;
				LastUpgradeCheck = 1600;
				TargetAttributes = {
					077E05272C63FCB300B9D2D4 = {
						CreatedOnToolsVersion = 16.0;
					};
				};
			};
			buildConfigurationList = 077E05232C63FCB300B9D2D4 /* Build configuration list for PBXProject "Stories" */;
			compatibilityVersion = "Xcode 15.0";
			developmentRegion = en;
			hasScannedForEncodings = 0;
			knownRegions = (
				en,
				Base,
			);
			mainGroup = 077E051F2C63FCB300B9D2D4;
			packageReferences = (
				077E053B2C63FEB000B9D2D4 /* XCRemoteSwiftPackageReference "firebase-ios-sdk" */,
			);
			productRefGroup = 077E05292C63FCB300B9D2D4 /* Products */;
			projectDirPath = "";
			projectRoot = "";
			targets = (
				077E05272C63FCB300B9D2D4 /* Stories */,
			);
		};
/* End PBXProject section */

/* Begin PBXResourcesBuildPhase section */
		077E05262C63FCB300B9D2D4 /* Resources */ = {
			isa = PBXResourcesBuildPhase;
			buildActionMask = 2147483647;
			files = (
				077E05332C63FCB400B9D2D4 /* Preview Assets.xcassets in Resources */,
				077E05302C63FCB400B9D2D4 /* Assets.xcassets in Resources */,
				077E053A2C63FE4000B9D2D4 /* GoogleService-Info.plist in Resources */,
			);
			runOnlyForDeploymentPostprocessing = 0;
		};
/* End PBXResourcesBuildPhase section */

/* Begin PBXSourcesBuildPhase section */
		077E05242C63FCB300B9D2D4 /* Sources */ = {
			isa = PBXSourcesBuildPhase;
			buildActionMask = 2147483647;
			files = (
				077E052E2C63FCB300B9D2D4 /* ContentView.swift in Sources */,
				077E052C2C63FCB300B9D2D4 /* StoriesApp.swift in Sources */,
				077E05A92C694F4500B9D2D4 /* AuthenticationView.swift in Sources */,
				077E05AD2C6951AA00B9D2D4 /* AuthenticationManager.swift in Sources */,
				077E05AB2C6950C600B9D2D4 /* SignInWithEmailView.swift in Sources */,
			);
			runOnlyForDeploymentPostprocessing = 0;
		};
/* End PBXSourcesBuildPhase section */

/* Begin XCBuildConfiguration section */
		077E05342C63FCB400B9D2D4 /* Debug */ = {
			isa = XCBuildConfiguration;
			buildSettings = {
				ALWAYS_SEARCH_USER_PATHS = NO;
				ASSETCATALOG_COMPILER_GENERATE_SWIFT_ASSET_SYMBOL_EXTENSIONS = YES;
				CLANG_ANALYZER_NONNULL = YES;
				CLANG_ANALYZER_NUMBER_OBJECT_CONVERSION = YES_AGGRESSIVE;
				CLANG_CXX_LANGUAGE_STANDARD = "gnu++20";
				CLANG_ENABLE_MODULES = YES;
				CLANG_ENABLE_OBJC_ARC = YES;
				CLANG_ENABLE_OBJC_WEAK = YES;
				CLANG_WARN_BLOCK_CAPTURE_AUTORELEASING = YES;
				CLANG_WARN_BOOL_CONVERSION = YES;
				CLANG_WARN_COMMA = YES;
				CLANG_WARN_CONSTANT_CONVERSION = YES;
				CLANG_WARN_DEPRECATED_OBJC_IMPLEMENTATIONS = YES;
				CLANG_WARN_DIRECT_OBJC_ISA_USAGE = YES_ERROR;
				CLANG_WARN_DOCUMENTATION_COMMENTS = YES;
				CLANG_WARN_EMPTY_BODY = YES;
				CLANG_WARN_ENUM_CONVERSION = YES;
				CLANG_WARN_INFINITE_RECURSION = YES;
				CLANG_WARN_INT_CONVERSION = YES;
				CLANG_WARN_NON_LITERAL_NULL_CONVERSION = YES;
				CLANG_WARN_OBJC_IMPLICIT_RETAIN_SELF = YES;
				CLANG_WARN_OBJC_LITERAL_CONVERSION = YES;
				CLANG_WARN_OBJC_ROOT_CLASS = YES_ERROR;
				CLANG_WARN_QUOTED_INCLUDE_IN_FRAMEWORK_HEADER = YES;
				CLANG_WARN_RANGE_LOOP_ANALYSIS = YES;
				CLANG_WARN_STRICT_PROTOTYPES = YES;
				CLANG_WARN_SUSPICIOUS_MOVE = YES;
				CLANG_WARN_UNGUARDED_AVAILABILITY = YES_AGGRESSIVE;
				CLANG_WARN_UNREACHABLE_CODE = YES;
				CLANG_WARN__DUPLICATE_METHOD_MATCH = YES;
				COPY_PHASE_STRIP = NO;
				DEBUG_INFORMATION_FORMAT = dwarf;
				ENABLE_STRICT_OBJC_MSGSEND = YES;
				ENABLE_TESTABILITY = YES;
				ENABLE_USER_SCRIPT_SANDBOXING = YES;
				GCC_C_LANGUAGE_STANDARD = gnu17;
				GCC_DYNAMIC_NO_PIC = NO;
				GCC_NO_COMMON_BLOCKS = YES;
				GCC_OPTIMIZATION_LEVEL = 0;
				GCC_PREPROCESSOR_DEFINITIONS = (
					"DEBUG=1",
					"$(inherited)",
				);
				GCC_WARN_64_TO_32_BIT_CONVERSION = YES;
				GCC_WARN_ABOUT_RETURN_TYPE = YES_ERROR;
				GCC_WARN_UNDECLARED_SELECTOR = YES;
				GCC_WARN_UNINITIALIZED_AUTOS = YES_AGGRESSIVE;
				GCC_WARN_UNUSED_FUNCTION = YES;
				GCC_WARN_UNUSED_VARIABLE = YES;
				IPHONEOS_DEPLOYMENT_TARGET = 18.0;
				LOCALIZATION_PREFERS_STRING_CATALOGS = YES;
				MTL_ENABLE_DEBUG_INFO = INCLUDE_SOURCE;
				MTL_FAST_MATH = YES;
				ONLY_ACTIVE_ARCH = YES;
				SDKROOT = iphoneos;
				SWIFT_ACTIVE_COMPILATION_CONDITIONS = "DEBUG $(inherited)";
				SWIFT_OPTIMIZATION_LEVEL = "-Onone";
			};
			name = Debug;
		};
		077E05352C63FCB400B9D2D4 /* Release */ = {
			isa = XCBuildConfiguration;
			buildSettings = {
				ALWAYS_SEARCH_USER_PATHS = NO;
				ASSETCATALOG_COMPILER_GENERATE_SWIFT_ASSET_SYMBOL_EXTENSIONS = YES;
				CLANG_ANALYZER_NONNULL = YES;
				CLANG_ANALYZER_NUMBER_OBJECT_CONVERSION = YES_AGGRESSIVE;
				CLANG_CXX_LANGUAGE_STANDARD = "gnu++20";
				CLANG_ENABLE_MODULES = YES;
				CLANG_ENABLE_OBJC_ARC = YES;
				CLANG_ENABLE_OBJC_WEAK = YES;
				CLANG_WARN_BLOCK_CAPTURE_AUTORELEASING = YES;
				CLANG_WARN_BOOL_CONVERSION = YES;
				CLANG_WARN_COMMA = YES;
				CLANG_WARN_CONSTANT_CONVERSION = YES;
				CLANG_WARN_DEPRECATED_OBJC_IMPLEMENTATIONS = YES;
				CLANG_WARN_DIRECT_OBJC_ISA_USAGE = YES_ERROR;
				CLANG_WARN_DOCUMENTATION_COMMENTS = YES;
				CLANG_WARN_EMPTY_BODY = YES;
				CLANG_WARN_ENUM_CONVERSION = YES;
				CLANG_WARN_INFINITE_RECURSION = YES;
				CLANG_WARN_INT_CONVERSION = YES;
				CLANG_WARN_NON_LITERAL_NULL_CONVERSION = YES;
				CLANG_WARN_OBJC_IMPLICIT_RETAIN_SELF = YES;
				CLANG_WARN_OBJC_LITERAL_CONVERSION = YES;
				CLANG_WARN_OBJC_ROOT_CLASS = YES_ERROR;
				CLANG_WARN_QUOTED_INCLUDE_IN_FRAMEWORK_HEADER = YES;
				CLANG_WARN_RANGE_LOOP_ANALYSIS = YES;
				CLANG_WARN_STRICT_PROTOTYPES = YES;
				CLANG_WARN_SUSPICIOUS_MOVE = YES;
				CLANG_WARN_UNGUARDED_AVAILABILITY = YES_AGGRESSIVE;
				CLANG_WARN_UNREACHABLE_CODE = YES;
				CLANG_WARN__DUPLICATE_METHOD_MATCH = YES;
				COPY_PHASE_STRIP = NO;
				DEBUG_INFORMATION_FORMAT = "dwarf-with-dsym";
				ENABLE_NS_ASSERTIONS = NO;
				ENABLE_STRICT_OBJC_MSGSEND = YES;
				ENABLE_USER_SCRIPT_SANDBOXING = YES;
				GCC_C_LANGUAGE_STANDARD = gnu17;
				GCC_NO_COMMON_BLOCKS = YES;
				GCC_WARN_64_TO_32_BIT_CONVERSION = YES;
				GCC_WARN_ABOUT_RETURN_TYPE = YES_ERROR;
				GCC_WARN_UNDECLARED_SELECTOR = YES;
				GCC_WARN_UNINITIALIZED_AUTOS = YES_AGGRESSIVE;
				GCC_WARN_UNUSED_FUNCTION = YES;
				GCC_WARN_UNUSED_VARIABLE = YES;
				IPHONEOS_DEPLOYMENT_TARGET = 18.0;
				LOCALIZATION_PREFERS_STRING_CATALOGS = YES;
				MTL_ENABLE_DEBUG_INFO = NO;
				MTL_FAST_MATH = YES;
				SDKROOT = iphoneos;
				SWIFT_COMPILATION_MODE = wholemodule;
				VALIDATE_PRODUCT = YES;
			};
			name = Release;
		};
		077E05372C63FCB400B9D2D4 /* Debug */ = {
			isa = XCBuildConfiguration;
			buildSettings = {
				ASSETCATALOG_COMPILER_APPICON_NAME = AppIcon;
				ASSETCATALOG_COMPILER_GLOBAL_ACCENT_COLOR_NAME = AccentColor;
				CODE_SIGN_STYLE = Automatic;
				CURRENT_PROJECT_VERSION = 1;
				DEVELOPMENT_ASSET_PATHS = "\"Stories/Preview Content\"";
				DEVELOPMENT_TEAM = P5K444356C;
				ENABLE_PREVIEWS = YES;
				GENERATE_INFOPLIST_FILE = YES;
				INFOPLIST_FILE = Stories/Info.plist;
				INFOPLIST_KEY_UIApplicationSceneManifest_Generation = YES;
				INFOPLIST_KEY_UIApplicationSupportsIndirectInputEvents = YES;
				INFOPLIST_KEY_UILaunchScreen_Generation = YES;
				INFOPLIST_KEY_UISupportedInterfaceOrientations_iPad = "UIInterfaceOrientationPortrait UIInterfaceOrientationPortraitUpsideDown UIInterfaceOrientationLandscapeLeft UIInterfaceOrientationLandscapeRight";
				INFOPLIST_KEY_UISupportedInterfaceOrientations_iPhone = "UIInterfaceOrientationPortrait UIInterfaceOrientationLandscapeLeft UIInterfaceOrientationLandscapeRight";
				LD_RUNPATH_SEARCH_PATHS = (
					"$(inherited)",
					"@executable_path/Frameworks",
				);
				MARKETING_VERSION = 1.0;
				PRODUCT_BUNDLE_IDENTIFIER = com.parpods.Stories;
				PRODUCT_NAME = "$(TARGET_NAME)";
				SWIFT_EMIT_LOC_STRINGS = YES;
				SWIFT_VERSION = 5.0;
				TARGETED_DEVICE_FAMILY = "1,2";
			};
			name = Debug;
		};
		077E05382C63FCB400B9D2D4 /* Release */ = {
			isa = XCBuildConfiguration;
			buildSettings = {
				ASSETCATALOG_COMPILER_APPICON_NAME = AppIcon;
				ASSETCATALOG_COMPILER_GLOBAL_ACCENT_COLOR_NAME = AccentColor;
				CODE_SIGN_STYLE = Automatic;
				CURRENT_PROJECT_VERSION = 1;
				DEVELOPMENT_ASSET_PATHS = "\"Stories/Preview Content\"";
				DEVELOPMENT_TEAM = P5K444356C;
				ENABLE_PREVIEWS = YES;
				GENERATE_INFOPLIST_FILE = YES;
				INFOPLIST_FILE = Stories/Info.plist;
				INFOPLIST_KEY_UIApplicationSceneManifest_Generation = YES;
				INFOPLIST_KEY_UIApplicationSupportsIndirectInputEvents = YES;
				INFOPLIST_KEY_UILaunchScreen_Generation = YES;
				INFOPLIST_KEY_UISupportedInterfaceOrientations_iPad = "UIInterfaceOrientationPortrait UIInterfaceOrientationPortraitUpsideDown UIInterfaceOrientationLandscapeLeft UIInterfaceOrientationLandscapeRight";
				INFOPLIST_KEY_UISupportedInterfaceOrientations_iPhone = "UIInterfaceOrientationPortrait UIInterfaceOrientationLandscapeLeft UIInterfaceOrientationLandscapeRight";
				LD_RUNPATH_SEARCH_PATHS = (
					"$(inherited)",
					"@executable_path/Frameworks",
				);
				MARKETING_VERSION = 1.0;
				PRODUCT_BUNDLE_IDENTIFIER = com.parpods.Stories;
				PRODUCT_NAME = "$(TARGET_NAME)";
				SWIFT_EMIT_LOC_STRINGS = YES;
				SWIFT_VERSION = 5.0;
				TARGETED_DEVICE_FAMILY = "1,2";
			};
			name = Release;
		};
/* End XCBuildConfiguration section */

/* Begin XCConfigurationList section */
		077E05232C63FCB300B9D2D4 /* Build configuration list for PBXProject "Stories" */ = {
			isa = XCConfigurationList;
			buildConfigurations = (
				077E05342C63FCB400B9D2D4 /* Debug */,
				077E05352C63FCB400B9D2D4 /* Release */,
			);
			defaultConfigurationIsVisible = 0;
			defaultConfigurationName = Release;
		};
		077E05362C63FCB400B9D2D4 /* Build configuration list for PBXNativeTarget "Stories" */ = {
			isa = XCConfigurationList;
			buildConfigurations = (
				077E05372C63FCB400B9D2D4 /* Debug */,
				077E05382C63FCB400B9D2D4 /* Release */,
			);
			defaultConfigurationIsVisible = 0;
			defaultConfigurationName = Release;
		};
/* End XCConfigurationList section */

/* Begin XCRemoteSwiftPackageReference section */
		077E053B2C63FEB000B9D2D4 /* XCRemoteSwiftPackageReference "firebase-ios-sdk" */ = {
			isa = XCRemoteSwiftPackageReference;
			repositoryURL = "https://github.com/firebase/firebase-ios-sdk";
			requirement = {
				kind = upToNextMajorVersion;
				minimumVersion = 11.0.0;
			};
		};
/* End XCRemoteSwiftPackageReference section */

/* Begin XCSwiftPackageProductDependency section */
		077E053C2C63FEB000B9D2D4 /* FirebaseAnalytics */ = {
			isa = XCSwiftPackageProductDependency;
			package = 077E053B2C63FEB000B9D2D4 /* XCRemoteSwiftPackageReference "firebase-ios-sdk" */;
			productName = FirebaseAnalytics;
		};
		077E05422C63FEB000B9D2D4 /* FirebaseAuth */ = {
			isa = XCSwiftPackageProductDependency;
			package = 077E053B2C63FEB000B9D2D4 /* XCRemoteSwiftPackageReference "firebase-ios-sdk" */;
			productName = FirebaseAuth;
		};
		077E05462C63FEB000B9D2D4 /* FirebaseDatabase */ = {
			isa = XCSwiftPackageProductDependency;
			package = 077E053B2C63FEB000B9D2D4 /* XCRemoteSwiftPackageReference "firebase-ios-sdk" */;
			productName = FirebaseDatabase;
		};
		077E05482C63FEB000B9D2D4 /* FirebaseFirestore */ = {
			isa = XCSwiftPackageProductDependency;
			package = 077E053B2C63FEB000B9D2D4 /* XCRemoteSwiftPackageReference "firebase-ios-sdk" */;
			productName = FirebaseFirestore;
		};
		077E054C2C63FEB000B9D2D4 /* FirebaseStorage */ = {
			isa = XCSwiftPackageProductDependency;
			package = 077E053B2C63FEB000B9D2D4 /* XCRemoteSwiftPackageReference "firebase-ios-sdk" */;
			productName = FirebaseStorage;
		};
/* End XCSwiftPackageProductDependency section */
	};
	rootObject = 077E05202C63FCB300B9D2D4 /* Project object */;
}
